
Microsoft Visual Studio Solution File, Format Version 12.00
# Visual Studio Version 17
VisualStudioVersion = 17.5.002.0
MinimumVisualStudioVersion = 10.0.40219.1
Project("{9A19103F-16F7-4668-BE54-9A1E7A4F7556}") = "TestGame", "TestGame.csproj", "{C360DBE8-4C6D-49F4-A64D-FF7E97FA7CD7}"
EndProject
Global
	GlobalSection(SolutionConfigurationPlatforms) = preSolution
		Debug|Any CPU = Debug|Any CPU
		Release|Any CPU = Release|Any CPU
	EndGlobalSection
	GlobalSection(ProjectConfigurationPlatforms) = postSolution
		{C360DBE8-4C6D-49F4-A64D-FF7E97FA7CD7}.Debug|Any CPU.ActiveCfg = Debug|Any CPU
		{C360DBE8-4C6D-49F4-A64D-FF7E97FA7CD7}.Debug|Any CPU.Build.0 = Debug|Any CPU
		{C360DBE8-4C6D-49F4-A64D-FF7E97FA7CD7}.Release|Any CPU.ActiveCfg = Release|Any CPU
		{C360DBE8-4C6D-49F4-A64D-FF7E97FA7CD7}.Release|Any CPU.Build.0 = Release|Any CPU
	EndGlobalSection
	GlobalSection(SolutionProperties) = preSolution
		HideSolutionNode = FALSE
	EndGlobalSection
	GlobalSection(ExtensibilityGlobals) = postSolution
		SolutionGuid = {51256C0E-EE0F-4DC2-94B7-0F0B75B138D3}
	EndGlobalSection
EndGlobal
